
Microsoft Visual Studio Solution File, Format Version 12.00
# Visual Studio Version 17
VisualStudioVersion = 17.0.31919.166
MinimumVisualStudioVersion = 10.0.40219.1
Project("{FAE04EC0-301F-11D3-BF4B-00C04F79EFBC}") = "Simple API", "Simple API\Simple API.csproj", "{34EA167C-80DA-410D-86D9-6DD7ED672E89}"
EndProject
Global
	GlobalSection(SolutionConfigurationPlatforms) = preSolution
		Debug|Any CPU = Debug|Any CPU
		Release|Any CPU = Release|Any CPU
	EndGlobalSection
	GlobalSection(ProjectConfigurationPlatforms) = postSolution
		{34EA167C-80DA-410D-86D9-6DD7ED672E89}.Debug|Any CPU.ActiveCfg = Debug|Any CPU
		{34EA167C-80DA-410D-86D9-6DD7ED672E89}.Debug|Any CPU.Build.0 = Debug|Any CPU
		{34EA167C-80DA-410D-86D9-6DD7ED672E89}.Release|Any CPU.ActiveCfg = Release|Any CPU
		{34EA167C-80DA-410D-86D9-6DD7ED672E89}.Release|Any CPU.Build.0 = Release|Any CPU
	EndGlobalSection
	GlobalSection(SolutionProperties) = preSolution
		HideSolutionNode = FALSE
	EndGlobalSection
	GlobalSection(ExtensibilityGlobals) = postSolution
		SolutionGuid = {3F0772EF-9C69-4B05-A6AC-75A953E0ABB4}
	EndGlobalSection
EndGlobal
